
Microsoft Visual Studio Solution File, Format Version 12.00
# Visual Studio Version 16
VisualStudioVersion = 16.0.30128.74
MinimumVisualStudioVersion = 10.0.40219.1
Project("{FAE04EC0-301F-11D3-BF4B-00C04F79EFBC}") = "C.NET FRAMEWORK COURSE pg.186", "C.NET FRAMEWORK COURSE pg.186.csproj", "{0C05481C-9399-4A45-8C9D-65809E3EC871}"
EndProject
Global
	GlobalSection(SolutionConfigurationPlatforms) = preSolution
		Debug|Any CPU = Debug|Any CPU
		Release|Any CPU = Release|Any CPU
	EndGlobalSection
	GlobalSection(ProjectConfigurationPlatforms) = postSolution
		{0C05481C-9399-4A45-8C9D-65809E3EC871}.Debug|Any CPU.ActiveCfg = Debug|Any CPU
		{0C05481C-9399-4A45-8C9D-65809E3EC871}.Debug|Any CPU.Build.0 = Debug|Any CPU
		{0C05481C-9399-4A45-8C9D-65809E3EC871}.Release|Any CPU.ActiveCfg = Release|Any CPU
		{0C05481C-9399-4A45-8C9D-65809E3EC871}.Release|Any CPU.Build.0 = Release|Any CPU
	EndGlobalSection
	GlobalSection(SolutionProperties) = preSolution
		HideSolutionNode = FALSE
	EndGlobalSection
	GlobalSection(ExtensibilityGlobals) = postSolution
		SolutionGuid = {4B9C553A-66F6-4381-8559-A51054545D5D}
	EndGlobalSection
EndGlobal
