
Microsoft Visual Studio Solution File, Format Version 12.00
# Visual Studio Version 16
VisualStudioVersion = 16.0.30128.74
MinimumVisualStudioVersion = 10.0.40219.1
Project("{FAE04EC0-301F-11D3-BF4B-00C04F79EFBC}") = "C .NET FRAMEWORK COURSE pg.194", "C .NET FRAMEWORK COURSE pg.194.csproj", "{12FD05FF-6609-4D28-9E3E-5204991CC708}"
EndProject
Global
	GlobalSection(SolutionConfigurationPlatforms) = preSolution
		Debug|Any CPU = Debug|Any CPU
		Release|Any CPU = Release|Any CPU
	EndGlobalSection
	GlobalSection(ProjectConfigurationPlatforms) = postSolution
		{12FD05FF-6609-4D28-9E3E-5204991CC708}.Debug|Any CPU.ActiveCfg = Debug|Any CPU
		{12FD05FF-6609-4D28-9E3E-5204991CC708}.Debug|Any CPU.Build.0 = Debug|Any CPU
		{12FD05FF-6609-4D28-9E3E-5204991CC708}.Release|Any CPU.ActiveCfg = Release|Any CPU
		{12FD05FF-6609-4D28-9E3E-5204991CC708}.Release|Any CPU.Build.0 = Release|Any CPU
	EndGlobalSection
	GlobalSection(SolutionProperties) = preSolution
		HideSolutionNode = FALSE
	EndGlobalSection
	GlobalSection(ExtensibilityGlobals) = postSolution
		SolutionGuid = {16022CB3-2512-43B9-A7ED-666A848CDCB8}
	EndGlobalSection
EndGlobal
