
Microsoft Visual Studio Solution File, Format Version 12.00
# Visual Studio Version 16
VisualStudioVersion = 16.0.30128.74
MinimumVisualStudioVersion = 10.0.40219.1
Project("{FAE04EC0-301F-11D3-BF4B-00C04F79EFBC}") = "C.NET FRAMEWORK COURSE pg.330", "C.NET FRAMEWORK COURSE pg.330.csproj", "{FFD80527-C9A5-478A-A5AE-32388835D6B3}"
EndProject
Global
	GlobalSection(SolutionConfigurationPlatforms) = preSolution
		Debug|Any CPU = Debug|Any CPU
		Release|Any CPU = Release|Any CPU
	EndGlobalSection
	GlobalSection(ProjectConfigurationPlatforms) = postSolution
		{FFD80527-C9A5-478A-A5AE-32388835D6B3}.Debug|Any CPU.ActiveCfg = Debug|Any CPU
		{FFD80527-C9A5-478A-A5AE-32388835D6B3}.Debug|Any CPU.Build.0 = Debug|Any CPU
		{FFD80527-C9A5-478A-A5AE-32388835D6B3}.Release|Any CPU.ActiveCfg = Release|Any CPU
		{FFD80527-C9A5-478A-A5AE-32388835D6B3}.Release|Any CPU.Build.0 = Release|Any CPU
	EndGlobalSection
	GlobalSection(SolutionProperties) = preSolution
		HideSolutionNode = FALSE
	EndGlobalSection
	GlobalSection(ExtensibilityGlobals) = postSolution
		SolutionGuid = {363DDF00-2418-410B-8E48-9CD4093CF66F}
	EndGlobalSection
EndGlobal
